# This file is automatically @generated by Cargo.
# It is not intended for manual editing.
version = 4

[[package]]
name = "allocator-api2"
version = "0.2.21"
source = "registry+https://github.com/rust-lang/crates.io-index"
checksum = "683d7910e743518b0e34f1186f92494becacb047c7b6bf616c96772180fef923"

[[package]]
name = "bumpalo"
version = "3.20.3"
source = "registry+https://github.com/rust-lang/crates.io-index"
checksum = "72f5acc6cb2ba439de613abc23857ec3d78374d8ed5ac84e9d11336e87da8649"
dependencies = [
 "allocator-api2",
]

[[package]]
name = "cranelift-assembler-x64"
version = "0.122.0"
source = "registry+https://github.com/rust-lang/crates.io-index"
checksum = "0ae7b60ec3fd7162427d3b3801520a1908bef7c035b52983cd3ca11b8e7deb51"
dependencies = [
 "cranelift-assembler-x64-meta",
]

[[package]]
name = "cranelift-assembler-x64-meta"
version = "0.122.0"
source = "registry+https://github.com/rust-lang/crates.io-index"
checksum = "6511c200fed36452697b4b6b161eae57d917a2044e6333b1c1389ed63ccadeee"
dependencies = [
 "cranelift-srcgen",
]

[[package]]
name = "cranelift-bforest"
version = "0.122.0"
source = "registry+https://github.com/rust-lang/crates.io-index"
checksum = "5f7086a645aa58bae979312f64e3029ac760ac1b577f5cd2417844842a2ca07f"
dependencies = [
 "cranelift-entity",
]

[[package]]
name = "cranelift-bitset"
version = "0.122.0"
source = "registry+https://github.com/rust-lang/crates.io-index"
checksum = "5225b4dec45f3f3dbf383f12560fac5ce8d780f399893607e21406e12e77f491"

[[package]]
name = "cranelift-codegen"
version = "0.122.0"
source = "registry+https://github.com/rust-lang/crates.io-index"
checksum = "858fb3331e53492a95979378d6df5208dd1d0d315f19c052be8115f4efc888e0"
dependencies = [
 "bumpalo",
 "cranelift-assembler-x64",
 "cranelift-bforest",
 "cranelift-bitset",
 "cranelift-codegen-meta",
 "cranelift-codegen-shared",
 "cranelift-control",
 "cranelift-entity",
 "cranelift-isle",
 "hashbrown",
 "log",
 "regalloc2",
 "rustc-hash",
 "smallvec",
 "target-lexicon",
 "wasmtime-internal-math",
]

[[package]]
name = "cranelift-codegen-meta"
version = "0.122.0"
source = "registry+https://github.com/rust-lang/crates.io-index"
checksum = "456715b9d5f12398f156d5081096e7b5d039f01b9ecc49790a011c8e43e65b5f"
dependencies = [
 "cranelift-assembler-x64-meta",
 "cranelift-codegen-shared",
 "cranelift-srcgen",
]

[[package]]
name = "cranelift-codegen-shared"
version = "0.122.0"
source = "registry+https://github.com/rust-lang/crates.io-index"
checksum = "0306041099499833f167a0ddb707e1e54100f1a84eab5631bc3dad249708f482"

[[package]]
name = "cranelift-control"
version = "0.122.0"
source = "registry+https://github.com/rust-lang/crates.io-index"
checksum = "1672945e1f9afc2297f49c92623f5eabc64398e2cb0d824f8f72a2db2df5af23"

[[package]]
name = "cranelift-entity"
version = "0.122.0"
source = "registry+https://github.com/rust-lang/crates.io-index"
checksum = "aa3cd55eb5f3825b9ae5de1530887907360a6334caccdc124c52f6d75246c98a"
dependencies = [
 "cranelift-bitset",
]

[[package]]
name = "cranelift-frontend"
version = "0.122.0"
source = "registry+https://github.com/rust-lang/crates.io-index"
checksum = "781f9905f8139b8de22987b66b522b416fe63eb76d823f0b3a8c02c8fd9500c7"
dependencies = [
 "cranelift-codegen",
 "hashbrown",
 "log",
 "smallvec",
 "target-lexicon",
]

[[package]]
name = "cranelift-isle"
version = "0.122.0"
source = "registry+https://github.com/rust-lang/crates.io-index"
checksum = "a05337a2b02c3df00b4dd9a263a027a07b3dff49f61f7da3b5d195c21eaa633d"

[[package]]
name = "cranelift-srcgen"
version = "0.122.0"
source = "registry+https://github.com/rust-lang/crates.io-index"
checksum = "b530783809a55cb68d070e0de60cfbb3db0dc94c8850dd5725411422bedcf6bb"

[[package]]
name = "foldhash"
version = "0.1.5"
source = "registry+https://github.com/rust-lang/crates.io-index"
checksum = "d9c4f5dac5e15c24eb999c26181a6ca40b39fe946cbe4c263c7209467bc83af2"

[[package]]
name = "hashbrown"
version = "0.15.5"
source = "registry+https://github.com/rust-lang/crates.io-index"
checksum = "9229cfe53dfd69f0609a49f65461bd93001ea1ef889cd5529dd176593f5338a1"
dependencies = [
 "foldhash",
]

[[package]]
name = "libm"
version = "0.2.16"
source = "registry+https://github.com/rust-lang/crates.io-index"
checksum = "b6d2cec3eae94f9f509c767b45932f1ada8350c4bdb85af2fcab4a3c14807981"

[[package]]
name = "log"
version = "0.4.30"
source = "registry+https://github.com/rust-lang/crates.io-index"
checksum = "616ec5685824bcc94416c6d4a7a446eea774a31efd7062c8480ba6fd06d7a6e5"

[[package]]
name = "regalloc2"
version = "0.12.2"
source = "registry+https://github.com/rust-lang/crates.io-index"
checksum = "5216b1837de2149f8bc8e6d5f88a9326b63b8c836ed58ce4a0a29ec736a59734"
dependencies = [
 "allocator-api2",
 "bumpalo",
 "hashbrown",
 "log",
 "rustc-hash",
 "smallvec",
]

[[package]]
name = "rustc-hash"
version = "2.1.2"
source = "registry+https://github.com/rust-lang/crates.io-index"
checksum = "94300abf3f1ae2e2b8ffb7b58043de3d399c73fa6f4b73826402a5c457614dbe"
dependencies = [
 "hashbrown",
]

[[package]]
name = "semos-cc"
version = "0.1.0"
dependencies = [
 "cranelift-codegen",
 "cranelift-frontend",
 "semos-std",
 "target-lexicon",
]

[[package]]
name = "semos-std"
version = "0.0.1"
dependencies = [
 "hashbrown",
]

[[package]]
name = "smallvec"
version = "1.15.1"
source = "registry+https://github.com/rust-lang/crates.io-index"
checksum = "67b1b7a3b5fe4f1376887184045fcf45c69e92af734b7aaddc05fb777b6fbd03"

[[package]]
name = "target-lexicon"
version = "0.13.5"
source = "registry+https://github.com/rust-lang/crates.io-index"
checksum = "adb6935a6f5c20170eeceb1a3835a49e12e19d792f6dd344ccc76a985ca5a6ca"

[[package]]
name = "wasmtime-internal-math"
version = "35.0.0"
source = "registry+https://github.com/rust-lang/crates.io-index"
checksum = "7710d5c4ecdaa772927fd11e5dc30a9a62d1fc8fe933e11ad5576ad596ab6612"
dependencies = [
 "libm",
]
