# This file is automatically @generated by Cargo.
# It is not intended for manual editing.
version = 4

[[package]]
name = "allocator-api2"
version = "0.2.21"
source = "registry+https://github.com/rust-lang/crates.io-index"
checksum = "683d7910e743518b0e34f1186f92494becacb047c7b6bf616c96772180fef923"

[[package]]
name = "anyhow"
version = "1.0.102"
source = "registry+https://github.com/rust-lang/crates.io-index"
checksum = "7f202df86484c868dbad7eaa557ef785d5c66295e41b460ef922eca0723b842c"

[[package]]
name = "arbitrary"
version = "1.4.2"
source = "registry+https://github.com/rust-lang/crates.io-index"
checksum = "c3d036a3c4ab069c7b410a2ce876bd74808d2d0888a82667669f8e783a898bf1"

[[package]]
name = "bumpalo"
version = "3.20.3"
source = "registry+https://github.com/rust-lang/crates.io-index"
checksum = "72f5acc6cb2ba439de613abc23857ec3d78374d8ed5ac84e9d11336e87da8649"
dependencies = [
 "allocator-api2",
]

[[package]]
name = "cfg-if"
version = "1.0.4"
source = "registry+https://github.com/rust-lang/crates.io-index"
checksum = "9330f8b2ff13f34540b44e946ef35111825727b38d33286ef986142615121801"

[[package]]
name = "cranelift-assembler-x64"
version = "0.122.0"
source = "registry+https://github.com/rust-lang/crates.io-index"
checksum = "0ae7b60ec3fd7162427d3b3801520a1908bef7c035b52983cd3ca11b8e7deb51"
dependencies = [
 "cranelift-assembler-x64-meta",
]

[[package]]
name = "cranelift-assembler-x64-meta"
version = "0.122.0"
source = "registry+https://github.com/rust-lang/crates.io-index"
checksum = "6511c200fed36452697b4b6b161eae57d917a2044e6333b1c1389ed63ccadeee"
dependencies = [
 "cranelift-srcgen",
]

[[package]]
name = "cranelift-bforest"
version = "0.122.0"
source = "registry+https://github.com/rust-lang/crates.io-index"
checksum = "5f7086a645aa58bae979312f64e3029ac760ac1b577f5cd2417844842a2ca07f"
dependencies = [
 "cranelift-entity",
]

[[package]]
name = "cranelift-bitset"
version = "0.122.0"
source = "registry+https://github.com/rust-lang/crates.io-index"
checksum = "5225b4dec45f3f3dbf383f12560fac5ce8d780f399893607e21406e12e77f491"

[[package]]
name = "cranelift-codegen"
version = "0.122.0"
source = "registry+https://github.com/rust-lang/crates.io-index"
checksum = "858fb3331e53492a95979378d6df5208dd1d0d315f19c052be8115f4efc888e0"
dependencies = [
 "bumpalo",
 "cranelift-assembler-x64",
 "cranelift-bforest",
 "cranelift-bitset",
 "cranelift-codegen-meta",
 "cranelift-codegen-shared",
 "cranelift-control",
 "cranelift-entity",
 "cranelift-isle",
 "gimli",
 "hashbrown 0.15.5",
 "log",
 "regalloc2",
 "rustc-hash",
 "serde",
 "smallvec",
 "target-lexicon",
 "wasmtime-internal-math",
]

[[package]]
name = "cranelift-codegen-meta"
version = "0.122.0"
source = "registry+https://github.com/rust-lang/crates.io-index"
checksum = "456715b9d5f12398f156d5081096e7b5d039f01b9ecc49790a011c8e43e65b5f"
dependencies = [
 "cranelift-assembler-x64-meta",
 "cranelift-codegen-shared",
 "cranelift-srcgen",
]

[[package]]
name = "cranelift-codegen-shared"
version = "0.122.0"
source = "registry+https://github.com/rust-lang/crates.io-index"
checksum = "0306041099499833f167a0ddb707e1e54100f1a84eab5631bc3dad249708f482"

[[package]]
name = "cranelift-control"
version = "0.122.0"
source = "registry+https://github.com/rust-lang/crates.io-index"
checksum = "1672945e1f9afc2297f49c92623f5eabc64398e2cb0d824f8f72a2db2df5af23"
dependencies = [
 "arbitrary",
]

[[package]]
name = "cranelift-entity"
version = "0.122.0"
source = "registry+https://github.com/rust-lang/crates.io-index"
checksum = "aa3cd55eb5f3825b9ae5de1530887907360a6334caccdc124c52f6d75246c98a"
dependencies = [
 "cranelift-bitset",
]

[[package]]
name = "cranelift-frontend"
version = "0.122.0"
source = "registry+https://github.com/rust-lang/crates.io-index"
checksum = "781f9905f8139b8de22987b66b522b416fe63eb76d823f0b3a8c02c8fd9500c7"
dependencies = [
 "cranelift-codegen",
 "log",
 "smallvec",
 "target-lexicon",
]

[[package]]
name = "cranelift-isle"
version = "0.122.0"
source = "registry+https://github.com/rust-lang/crates.io-index"
checksum = "a05337a2b02c3df00b4dd9a263a027a07b3dff49f61f7da3b5d195c21eaa633d"

[[package]]
name = "cranelift-module"
version = "0.122.0"
source = "registry+https://github.com/rust-lang/crates.io-index"
checksum = "f9f7a4b804066f3e62d8fc943e25adc135acbb39288aa6c68e67021a9f6a0c58"
dependencies = [
 "anyhow",
 "cranelift-codegen",
 "cranelift-control",
]

[[package]]
name = "cranelift-object"
version = "0.122.0"
source = "registry+https://github.com/rust-lang/crates.io-index"
checksum = "0dc322ace52184f0ece213f4194f49762e7e854fafdf27b9bfd9fc738ba67708"
dependencies = [
 "anyhow",
 "cranelift-codegen",
 "cranelift-control",
 "cranelift-module",
 "log",
 "object",
 "target-lexicon",
]

[[package]]
name = "cranelift-srcgen"
version = "0.122.0"
source = "registry+https://github.com/rust-lang/crates.io-index"
checksum = "b530783809a55cb68d070e0de60cfbb3db0dc94c8850dd5725411422bedcf6bb"

[[package]]
name = "crc32fast"
version = "1.5.0"
source = "registry+https://github.com/rust-lang/crates.io-index"
checksum = "9481c1c90cbf2ac953f07c8d4a58aa3945c425b7185c9154d67a65e4230da511"
dependencies = [
 "cfg-if",
]

[[package]]
name = "equivalent"
version = "1.0.2"
source = "registry+https://github.com/rust-lang/crates.io-index"
checksum = "877a4ace8713b0bcf2a4e7eec82529c029f1d0619886d18145fea96c3ffe5c0f"

[[package]]
name = "fallible-iterator"
version = "0.3.0"
source = "registry+https://github.com/rust-lang/crates.io-index"
checksum = "2acce4a10f12dc2fb14a218589d4f1f62ef011b2d0cc4b3cb1bba8e94da14649"

[[package]]
name = "foldhash"
version = "0.1.5"
source = "registry+https://github.com/rust-lang/crates.io-index"
checksum = "d9c4f5dac5e15c24eb999c26181a6ca40b39fe946cbe4c263c7209467bc83af2"

[[package]]
name = "gimli"
version = "0.31.1"
source = "registry+https://github.com/rust-lang/crates.io-index"
checksum = "07e28edb80900c19c28f1072f2e8aeca7fa06b23cd4169cefe1af5aa3260783f"
dependencies = [
 "fallible-iterator",
 "indexmap",
 "stable_deref_trait",
]

[[package]]
name = "hashbrown"
version = "0.15.5"
source = "registry+https://github.com/rust-lang/crates.io-index"
checksum = "9229cfe53dfd69f0609a49f65461bd93001ea1ef889cd5529dd176593f5338a1"
dependencies = [
 "foldhash",
]

[[package]]
name = "hashbrown"
version = "0.17.1"
source = "registry+https://github.com/rust-lang/crates.io-index"
checksum = "ed5909b6e89a2db4456e54cd5f673791d7eca6732202bbf2a9cc504fe2f9b84a"

[[package]]
name = "indexmap"
version = "2.14.0"
source = "registry+https://github.com/rust-lang/crates.io-index"
checksum = "d466e9454f08e4a911e14806c24e16fba1b4c121d1ea474396f396069cf949d9"
dependencies = [
 "equivalent",
 "hashbrown 0.17.1",
]

[[package]]
name = "libm"
version = "0.2.16"
source = "registry+https://github.com/rust-lang/crates.io-index"
checksum = "b6d2cec3eae94f9f509c767b45932f1ada8350c4bdb85af2fcab4a3c14807981"

[[package]]
name = "log"
version = "0.4.30"
source = "registry+https://github.com/rust-lang/crates.io-index"
checksum = "616ec5685824bcc94416c6d4a7a446eea774a31efd7062c8480ba6fd06d7a6e5"

[[package]]
name = "memchr"
version = "2.8.1"
source = "registry+https://github.com/rust-lang/crates.io-index"
checksum = "6b947ae49db0d222b1dbc6b113ce7248a3fc3a6ca21b696717bfc000ba4484d8"

[[package]]
name = "object"
version = "0.36.7"
source = "registry+https://github.com/rust-lang/crates.io-index"
checksum = "62948e14d923ea95ea2c7c86c71013138b66525b86bdc08d2dcc262bdb497b87"
dependencies = [
 "crc32fast",
 "hashbrown 0.15.5",
 "indexmap",
 "memchr",
]

[[package]]
name = "proc-macro2"
version = "1.0.106"
source = "registry+https://github.com/rust-lang/crates.io-index"
checksum = "8fd00f0bb2e90d81d1044c2b32617f68fcb9fa3bb7640c23e9c748e53fb30934"
dependencies = [
 "unicode-ident",
]

[[package]]
name = "quote"
version = "1.0.45"
source = "registry+https://github.com/rust-lang/crates.io-index"
checksum = "41f2619966050689382d2b44f664f4bc593e129785a36d6ee376ddf37259b924"
dependencies = [
 "proc-macro2",
]

[[package]]
name = "regalloc2"
version = "0.12.2"
source = "registry+https://github.com/rust-lang/crates.io-index"
checksum = "5216b1837de2149f8bc8e6d5f88a9326b63b8c836ed58ce4a0a29ec736a59734"
dependencies = [
 "allocator-api2",
 "bumpalo",
 "hashbrown 0.15.5",
 "log",
 "rustc-hash",
 "smallvec",
]

[[package]]
name = "rustc-hash"
version = "2.1.2"
source = "registry+https://github.com/rust-lang/crates.io-index"
checksum = "94300abf3f1ae2e2b8ffb7b58043de3d399c73fa6f4b73826402a5c457614dbe"

[[package]]
name = "semos-compiler"
version = "0.0.1"
dependencies = [
 "cranelift-codegen",
 "cranelift-frontend",
 "cranelift-module",
 "cranelift-object",
 "target-lexicon",
]

[[package]]
name = "serde"
version = "1.0.228"
source = "registry+https://github.com/rust-lang/crates.io-index"
checksum = "9a8e94ea7f378bd32cbbd37198a4a91436180c5bb472411e48b5ec2e2124ae9e"
dependencies = [
 "serde_core",
]

[[package]]
name = "serde_core"
version = "1.0.228"
source = "registry+https://github.com/rust-lang/crates.io-index"
checksum = "41d385c7d4ca58e59fc732af25c3983b67ac852c1a25000afe1175de458b67ad"
dependencies = [
 "serde_derive",
]

[[package]]
name = "serde_derive"
version = "1.0.228"
source = "registry+https://github.com/rust-lang/crates.io-index"
checksum = "d540f220d3187173da220f885ab66608367b6574e925011a9353e4badda91d79"
dependencies = [
 "proc-macro2",
 "quote",
 "syn",
]

[[package]]
name = "smallvec"
version = "1.15.1"
source = "registry+https://github.com/rust-lang/crates.io-index"
checksum = "67b1b7a3b5fe4f1376887184045fcf45c69e92af734b7aaddc05fb777b6fbd03"

[[package]]
name = "stable_deref_trait"
version = "1.2.1"
source = "registry+https://github.com/rust-lang/crates.io-index"
checksum = "6ce2be8dc25455e1f91df71bfa12ad37d7af1092ae736f3a6cd0e37bc7810596"

[[package]]
name = "syn"
version = "2.0.117"
source = "registry+https://github.com/rust-lang/crates.io-index"
checksum = "e665b8803e7b1d2a727f4023456bbbbe74da67099c585258af0ad9c5013b9b99"
dependencies = [
 "proc-macro2",
 "quote",
 "unicode-ident",
]

[[package]]
name = "target-lexicon"
version = "0.13.5"
source = "registry+https://github.com/rust-lang/crates.io-index"
checksum = "adb6935a6f5c20170eeceb1a3835a49e12e19d792f6dd344ccc76a985ca5a6ca"

[[package]]
name = "unicode-ident"
version = "1.0.24"
source = "registry+https://github.com/rust-lang/crates.io-index"
checksum = "e6e4313cd5fcd3dad5cafa179702e2b244f760991f45397d14d4ebf38247da75"

[[package]]
name = "wasmtime-internal-math"
version = "35.0.0"
source = "registry+https://github.com/rust-lang/crates.io-index"
checksum = "7710d5c4ecdaa772927fd11e5dc30a9a62d1fc8fe933e11ad5576ad596ab6612"
dependencies = [
 "libm",
]
