# This file is automatically @generated by Cargo.
# It is not intended for manual editing.
version = 4

[[package]]
name = "hashbrown"
version = "0.15.5"
source = "registry+https://github.com/rust-lang/crates.io-index"
checksum = "9229cfe53dfd69f0609a49f65461bd93001ea1ef889cd5529dd176593f5338a1"

[[package]]
name = "semos-std"
version = "0.0.1"
dependencies = [
 "hashbrown",
]

[[package]]
name = "sync-demo"
version = "0.1.0"
dependencies = [
 "semos-std",
]
